
Microsoft Visual Studio Solution File, Format Version 12.00
# Visual Studio Version 17
VisualStudioVersion = 17.4.33205.214
MinimumVisualStudioVersion = 10.0.40219.1
Project("{FAE04EC0-301F-11D3-BF4B-00C04F79EFBC}") = "RefactorCode", "RefactorCode\RefactorCode.csproj", "{365745A3-5655-49BE-8176-113943C152AE}"
EndProject
Project("{2150E333-8FDC-42A3-9474-1A3956D46DE8}") = "Resourse", "Resourse", "{94EA4F2F-8FA2-42B3-A63C-8FA30FBABF3B}"
EndProject
Global
	GlobalSection(SolutionConfigurationPlatforms) = preSolution
		Debug|Any CPU = Debug|Any CPU
		Release|Any CPU = Release|Any CPU
	EndGlobalSection
	GlobalSection(ProjectConfigurationPlatforms) = postSolution
		{365745A3-5655-49BE-8176-113943C152AE}.Debug|Any CPU.ActiveCfg = Debug|Any CPU
		{365745A3-5655-49BE-8176-113943C152AE}.Debug|Any CPU.Build.0 = Debug|Any CPU
		{365745A3-5655-49BE-8176-113943C152AE}.Release|Any CPU.ActiveCfg = Release|Any CPU
		{365745A3-5655-49BE-8176-113943C152AE}.Release|Any CPU.Build.0 = Release|Any CPU
	EndGlobalSection
	GlobalSection(SolutionProperties) = preSolution
		HideSolutionNode = FALSE
	EndGlobalSection
	GlobalSection(ExtensibilityGlobals) = postSolution
		SolutionGuid = {F1685523-F794-4ACA-B267-C5498A695089}
	EndGlobalSection
EndGlobal
